<?xml version="1.0" encoding="utf-8"?>
<Project ToolsVersion="4.0" xmlns="http://schemas.microsoft.com/developer/msbuild/2003">
  <ItemGroup>
    <Filter Include="Source Files">
      <UniqueIdentifier>{4FC737F1-C7A5-4376-A066-2A32D752A2FF}</UniqueIdentifier>
      <Extensions>cpp;c;cc;cxx;def;odl;idl;hpj;bat;asm;asmx</Extensions>
    </Filter>
    <Filter Include="Header Files">
      <UniqueIdentifier>{93995380-89BD-4b04-88EB-625FBE52EBFB}</UniqueIdentifier>
      <Extensions>h;hh;hpp;hxx;hm;inl;inc;ipp;xsd</Extensions>
    </Filter>
    <Filter Include="Resource Files">
      <UniqueIdentifier>{67DA6AB6-F800-4c08-8B7A-83BB121AAD01}</UniqueIdentifier>
      <Extensions>rc;ico;cur;bmp;dlg;rc2;rct;bin;rgs;gif;jpg;jpeg;jpe;resx;tiff;tif;png;wav;mfcribbon-ms</Extensions>
    </Filter>
    <Filter Include="os">
      <UniqueIdentifier>{c09daf25-d904-40ed-9f3e-3d5e33c5b577}</UniqueIdentifier>
    </Filter>
  </ItemGroup>
  <ItemGroup>
    <ClInclude Include="EmbeddedSystemX.h">
      <Filter>Header Files</Filter>
    </ClInclude>
    <ClInclude Include="State.h">
      <Filter>Header Files</Filter>
    </ClInclude>
    <ClInclude Include="PowerOnSelfTest.h">
      <Filter>Header Files</Filter>
    </ClInclude>
    <ClInclude Include="Failure.h">
      <Filter>Header Files</Filter>
    </ClInclude>
    <ClInclude Include="Initializing.h">
      <Filter>Header Files</Filter>
    </ClInclude>
    <ClInclude Include="Operational.h">
      <Filter>Header Files</Filter>
    </ClInclude>
    <ClInclude Include="Ready.h">
      <Filter>Header Files</Filter>
    </ClInclude>
    <ClInclude Include="Configuration.h">
      <Filter>Header Files</Filter>
    </ClInclude>
    <ClInclude Include="Suspended.h">
      <Filter>Header Files</Filter>
    </ClInclude>
    <ClInclude Include="RealTimeLoop.h">
      <Filter>Header Files</Filter>
    </ClInclude>
    <ClInclude Include="Mode1.h">
      <Filter>Header Files</Filter>
    </ClInclude>
    <ClInclude Include="Mode2.h">
      <Filter>Header Files</Filter>
    </ClInclude>
    <ClInclude Include="Mode3.h">
      <Filter>Header Files</Filter>
    </ClInclude>
    <ClInclude Include="os\Mailbox.h">
      <Filter>os</Filter>
    </ClInclude>
    <ClInclude Include="os\Monitor.h">
      <Filter>os</Filter>
    </ClInclude>
    <ClInclude Include="os\Mutex.h">
      <Filter>os</Filter>
    </ClInclude>
    <ClInclude Include="os\MutexGuard.h">
      <Filter>os</Filter>
    </ClInclude>
    <ClInclude Include="os\Semaphore.h">
      <Filter>os</Filter>
    </ClInclude>
    <ClInclude Include="os\Thread.h">
      <Filter>os</Filter>
    </ClInclude>
  </ItemGroup>
  <ItemGroup>
    <ClCompile Include="Assignment3.cpp">
      <Filter>Source Files</Filter>
    </ClCompile>
    <ClCompile Include="EmbeddedSystemX.cpp">
      <Filter>Source Files</Filter>
    </ClCompile>
    <ClCompile Include="State.cpp">
      <Filter>Source Files</Filter>
    </ClCompile>
    <ClCompile Include="PowerOnSelfTest.cpp">
      <Filter>Source Files</Filter>
    </ClCompile>
    <ClCompile Include="Failure.cpp">
      <Filter>Source Files</Filter>
    </ClCompile>
    <ClCompile Include="Initializing.cpp">
      <Filter>Source Files</Filter>
    </ClCompile>
    <ClCompile Include="Operational.cpp">
      <Filter>Source Files</Filter>
    </ClCompile>
    <ClCompile Include="Ready.cpp">
      <Filter>Source Files</Filter>
    </ClCompile>
    <ClCompile Include="Mode3.cpp">
      <Filter>Source Files</Filter>
    </ClCompile>
    <ClCompile Include="Mode2.cpp">
      <Filter>Source Files</Filter>
    </ClCompile>
    <ClCompile Include="Mode1.cpp">
      <Filter>Source Files</Filter>
    </ClCompile>
    <ClCompile Include="RealTimeLoop.cpp">
      <Filter>Source Files</Filter>
    </ClCompile>
    <ClCompile Include="Suspended.cpp">
      <Filter>Source Files</Filter>
    </ClCompile>
    <ClCompile Include="Configuration.cpp">
      <Filter>Source Files</Filter>
    </ClCompile>
    <ClCompile Include="os\Mutex.cpp">
      <Filter>os</Filter>
    </ClCompile>
    <ClCompile Include="os\Semaphore.cpp">
      <Filter>os</Filter>
    </ClCompile>
    <ClCompile Include="os\Thread.cpp">
      <Filter>os</Filter>
    </ClCompile>
  </ItemGroup>
  <ItemGroup>
    <None Include="ClassDiagram.cd" />
    <None Include="ClassDiagram1.cd" />
    <None Include="ClassDiagram2.cd" />
    <None Include="ClassDiagram3.cd" />
  </ItemGroup>
</Project>